
Microsoft Visual Studio Solution File, Format Version 12.00
# Visual Studio Version 16
VisualStudioVersion = 16.0.29123.88
MinimumVisualStudioVersion = 10.0.40219.1
Project("{FAE04EC0-301F-11D3-BF4B-00C04F79EFBC}") = "MeasuringTools", "MeasuringTools.csproj", "{2E4253BA-F615-4735-BB58-EF7FA9DC087E}"
EndProject
Global
	GlobalSection(SolutionConfigurationPlatforms) = preSolution
		Debug|Any CPU = Debug|Any CPU
		Release|Any CPU = Release|Any CPU
	EndGlobalSection
	GlobalSection(ProjectConfigurationPlatforms) = postSolution
		{2E4253BA-F615-4735-BB58-EF7FA9DC087E}.Debug|Any CPU.ActiveCfg = Debug|Any CPU
		{2E4253BA-F615-4735-BB58-EF7FA9DC087E}.Debug|Any CPU.Build.0 = Debug|Any CPU
		{2E4253BA-F615-4735-BB58-EF7FA9DC087E}.Release|Any CPU.ActiveCfg = Release|Any CPU
		{2E4253BA-F615-4735-BB58-EF7FA9DC087E}.Release|Any CPU.Build.0 = Release|Any CPU
	EndGlobalSection
	GlobalSection(SolutionProperties) = preSolution
		HideSolutionNode = FALSE
	EndGlobalSection
	GlobalSection(ExtensibilityGlobals) = postSolution
		SolutionGuid = {AD57DC9A-0E03-4C15-A88C-2A37CCF10E5F}
	EndGlobalSection
EndGlobal
